
Microsoft Visual Studio Solution File, Format Version 12.00
# Visual Studio Version 16
VisualStudioVersion = 16.0.32901.82
MinimumVisualStudioVersion = 10.0.40219.1
Project("{FAE04EC0-301F-11D3-BF4B-00C04F79EFBC}") = "TestingTwilio", "TestingTwilio.csproj", "{466AB54C-343A-4790-8540-8CB5707E844F}"
EndProject
Global
	GlobalSection(SolutionConfigurationPlatforms) = preSolution
		Debug|Any CPU = Debug|Any CPU
		Release|Any CPU = Release|Any CPU
	EndGlobalSection
	GlobalSection(ProjectConfigurationPlatforms) = postSolution
		{466AB54C-343A-4790-8540-8CB5707E844F}.Debug|Any CPU.ActiveCfg = Debug|Any CPU
		{466AB54C-343A-4790-8540-8CB5707E844F}.Debug|Any CPU.Build.0 = Debug|Any CPU
		{466AB54C-343A-4790-8540-8CB5707E844F}.Release|Any CPU.ActiveCfg = Release|Any CPU
		{466AB54C-343A-4790-8540-8CB5707E844F}.Release|Any CPU.Build.0 = Release|Any CPU
	EndGlobalSection
	GlobalSection(SolutionProperties) = preSolution
		HideSolutionNode = FALSE
	EndGlobalSection
	GlobalSection(ExtensibilityGlobals) = postSolution
		SolutionGuid = {F8CC48C9-B690-4187-9737-0E820A651060}
	EndGlobalSection
EndGlobal
